
Microsoft Visual Studio Solution File, Format Version 12.00
# Visual Studio Version 16
VisualStudioVersion = 16.0.31129.286
MinimumVisualStudioVersion = 10.0.40219.1
Project("{FAE04EC0-301F-11D3-BF4B-00C04F79EFBC}") = "RestaurantRater", "RestaurantRater\RestaurantRater.csproj", "{16F19F8B-B762-4EF5-B5BB-A859B2FA8195}"
EndProject
Global
	GlobalSection(SolutionConfigurationPlatforms) = preSolution
		Debug|Any CPU = Debug|Any CPU
		Release|Any CPU = Release|Any CPU
	EndGlobalSection
	GlobalSection(ProjectConfigurationPlatforms) = postSolution
		{16F19F8B-B762-4EF5-B5BB-A859B2FA8195}.Debug|Any CPU.ActiveCfg = Debug|Any CPU
		{16F19F8B-B762-4EF5-B5BB-A859B2FA8195}.Debug|Any CPU.Build.0 = Debug|Any CPU
		{16F19F8B-B762-4EF5-B5BB-A859B2FA8195}.Release|Any CPU.ActiveCfg = Release|Any CPU
		{16F19F8B-B762-4EF5-B5BB-A859B2FA8195}.Release|Any CPU.Build.0 = Release|Any CPU
	EndGlobalSection
	GlobalSection(SolutionProperties) = preSolution
		HideSolutionNode = FALSE
	EndGlobalSection
	GlobalSection(ExtensibilityGlobals) = postSolution
		SolutionGuid = {C12077EB-0BA1-41C4-AD4D-903E4D70F839}
	EndGlobalSection
EndGlobal
